
Microsoft Visual Studio Solution File, Format Version 12.00
# Visual Studio Version 16
VisualStudioVersion = 16.0.31702.278
MinimumVisualStudioVersion = 10.0.40219.1
Project("{FAE04EC0-301F-11D3-BF4B-00C04F79EFBC}") = "Atika", "Atika\Atika.csproj", "{2C2DB906-D167-4CFD-AEAD-8857C7C9BBBF}"
EndProject
Global
	GlobalSection(SolutionConfigurationPlatforms) = preSolution
		Debug|Any CPU = Debug|Any CPU
		Release|Any CPU = Release|Any CPU
	EndGlobalSection
	GlobalSection(ProjectConfigurationPlatforms) = postSolution
		{2C2DB906-D167-4CFD-AEAD-8857C7C9BBBF}.Debug|Any CPU.ActiveCfg = Debug|Any CPU
		{2C2DB906-D167-4CFD-AEAD-8857C7C9BBBF}.Debug|Any CPU.Build.0 = Debug|Any CPU
		{2C2DB906-D167-4CFD-AEAD-8857C7C9BBBF}.Debug|Any CPU.Deploy.0 = Debug|Any CPU
		{2C2DB906-D167-4CFD-AEAD-8857C7C9BBBF}.Release|Any CPU.ActiveCfg = Release|Any CPU
		{2C2DB906-D167-4CFD-AEAD-8857C7C9BBBF}.Release|Any CPU.Build.0 = Release|Any CPU
		{2C2DB906-D167-4CFD-AEAD-8857C7C9BBBF}.Release|Any CPU.Deploy.0 = Release|Any CPU
	EndGlobalSection
	GlobalSection(SolutionProperties) = preSolution
		HideSolutionNode = FALSE
	EndGlobalSection
	GlobalSection(ExtensibilityGlobals) = postSolution
		SolutionGuid = {0A0BF3D4-21C2-4B05-98B9-951597966885}
	EndGlobalSection
EndGlobal
